
Microsoft Visual Studio Solution File, Format Version 12.00
# Visual Studio Version 17
VisualStudioVersion = 17.0.32112.339
MinimumVisualStudioVersion = 10.0.40219.1
Project("{FAE04EC0-301F-11D3-BF4B-00C04F79EFBC}") = "Aplikacija za praćenje trudnoće-tbp", "Aplikacija za praćenje trudnoće-tbp\Aplikacija za praćenje trudnoće-tbp.csproj", "{BE7B61E8-6754-4A7C-A651-DE791D48F051}"
EndProject
Global
	GlobalSection(SolutionConfigurationPlatforms) = preSolution
		Debug|Any CPU = Debug|Any CPU
		Release|Any CPU = Release|Any CPU
	EndGlobalSection
	GlobalSection(ProjectConfigurationPlatforms) = postSolution
		{BE7B61E8-6754-4A7C-A651-DE791D48F051}.Debug|Any CPU.ActiveCfg = Debug|Any CPU
		{BE7B61E8-6754-4A7C-A651-DE791D48F051}.Debug|Any CPU.Build.0 = Debug|Any CPU
		{BE7B61E8-6754-4A7C-A651-DE791D48F051}.Release|Any CPU.ActiveCfg = Release|Any CPU
		{BE7B61E8-6754-4A7C-A651-DE791D48F051}.Release|Any CPU.Build.0 = Release|Any CPU
	EndGlobalSection
	GlobalSection(SolutionProperties) = preSolution
		HideSolutionNode = FALSE
	EndGlobalSection
	GlobalSection(ExtensibilityGlobals) = postSolution
		SolutionGuid = {9B9CF675-904D-4492-915E-F6440A76A7C3}
	EndGlobalSection
EndGlobal
